// !$*UTF8*$!
{
	archiveVersion = 1;
	classes = {
	};
	objectVersion = 55;
	objects = {

/* Begin PBXBuildFile section */
		2151A2E02889B0ED00E26E1F /* AppDelegate.swift in Sources */ = {isa = PBXBuildFile; fileRef = 2151A2DF2889B0ED00E26E1F /* AppDelegate.swift */; };
		2151A2E22889B0ED00E26E1F /* SceneDelegate.swift in Sources */ = {isa = PBXBuildFile; fileRef = 2151A2E12889B0ED00E26E1F /* SceneDelegate.swift */; };
		2151A2E42889B0ED00E26E1F /* ViewController.swift in Sources */ = {isa = PBXBuildFile; fileRef = 2151A2E32889B0ED00E26E1F /* ViewController.swift */; };
		2151A2E72889B0ED00E26E1F /* Main.storyboard in Resources */ = {isa = PBXBuildFile; fileRef = 2151A2E52889B0ED00E26E1F /* Main.storyboard */; };
		2151A2E92889B0F000E26E1F /* Assets.xcassets in Resources */ = {isa = PBXBuildFile; fileRef = 2151A2E82889B0F000E26E1F /* Assets.xcassets */; };
		2151A2EC2889B0F000E26E1F /* LaunchScreen.storyboard in Resources */ = {isa = PBXBuildFile; fileRef = 2151A2EA2889B0F000E26E1F /* LaunchScreen.storyboard */; };
		2151A2F72889B0F000E26E1F /* project_01Tests.swift in Sources */ = {isa = PBXBuildFile; fileRef = 2151A2F62889B0F000E26E1F /* project_01Tests.swift */; };
		2151A3012889B0F000E26E1F /* project_01UITests.swift in Sources */ = {isa = PBXBuildFile; fileRef = 2151A3002889B0F000E26E1F /* project_01UITests.swift */; };
		2151A3032889B0F000E26E1F /* project_01UITestsLaunchTests.swift in Sources */ = {isa = PBXBuildFile; fileRef = 2151A3022889B0F000E26E1F /* project_01UITestsLaunchTests.swift */; };
		2151A3102889D09C00E26E1F /* cadu.jpeg in Resources */ = {isa = PBXBuildFile; fileRef = 2151A30F2889D09C00E26E1F /* cadu.jpeg */; };
/* End PBXBuildFile section */

/* Begin PBXContainerItemProxy section */
		2151A2F32889B0F000E26E1F /* PBXContainerItemProxy */ = {
			isa = PBXContainerItemProxy;
			containerPortal = 2151A2D42889B0ED00E26E1F /* Project object */;
			proxyType = 1;
			remoteGlobalIDString = 2151A2DB2889B0ED00E26E1F;
			remoteInfo = "project-01";
		};
		2151A2FD2889B0F000E26E1F /* PBXContainerItemProxy */ = {
			isa = PBXContainerItemProxy;
			containerPortal = 2151A2D42889B0ED00E26E1F /* Project object */;
			proxyType = 1;
			remoteGlobalIDString = 2151A2DB2889B0ED00E26E1F;
			remoteInfo = "project-01";
		};
/* End PBXContainerItemProxy section */

/* Begin PBXFileReference section */
		2151A2DC2889B0ED00E26E1F /* project-01.app */ = {isa = PBXFileReference; explicitFileType = wrapper.application; includeInIndex = 0; path = "project-01.app"; sourceTree = BUILT_PRODUCTS_DIR; };
		2151A2DF2889B0ED00E26E1F /* AppDelegate.swift */ = {isa = PBXFileReference; lastKnownFileType = sourcecode.swift; path = AppDelegate.swift; sourceTree = "<group>"; };
		2151A2E12889B0ED00E26E1F /* SceneDelegate.swift */ = {isa = PBXFileReference; lastKnownFileType = sourcecode.swift; path = SceneDelegate.swift; sourceTree = "<group>"; };
		2151A2E32889B0ED00E26E1F /* ViewController.swift */ = {isa = PBXFileReference; lastKnownFileType = sourcecode.swift; path = ViewController.swift; sourceTree = "<group>"; };
		2151A2E62889B0ED00E26E1F /* Base */ = {isa = PBXFileReference; lastKnownFileType = file.storyboard; name = Base; path = Base.lproj/Main.storyboard; sourceTree = "<group>"; };
		2151A2E82889B0F000E26E1F /* Assets.xcassets */ = {isa = PBXFileReference; lastKnownFileType = folder.assetcatalog; path = Assets.xcassets; sourceTree = "<group>"; };
		2151A2EB2889B0F000E26E1F /* Base */ = {isa = PBXFileReference; lastKnownFileType = file.storyboard; name = Base; path = Base.lproj/LaunchScreen.storyboard; sourceTree = "<group>"; };
		2151A2ED2889B0F000E26E1F /* Info.plist */ = {isa = PBXFileReference; lastKnownFileType = text.plist.xml; path = Info.plist; sourceTree = "<group>"; };
		2151A2F22889B0F000E26E1F /* project-01Tests.xctest */ = {isa = PBXFileReference; explicitFileType = wrapper.cfbundle; includeInIndex = 0; path = "project-01Tests.xctest"; sourceTree = BUILT_PRODUCTS_DIR; };
		2151A2F62889B0F000E26E1F /* project_01Tests.swift */ = {isa = PBXFileReference; lastKnownFileType = sourcecode.swift; path = project_01Tests.swift; sourceTree = "<group>"; };
		2151A2FC2889B0F000E26E1F /* project-01UITests.xctest */ = {isa = PBXFileReference; explicitFileType = wrapper.cfbundle; includeInIndex = 0; path = "project-01UITests.xctest"; sourceTree = BUILT_PRODUCTS_DIR; };
		2151A3002889B0F000E26E1F /* project_01UITests.swift */ = {isa = PBXFileReference; lastKnownFileType = sourcecode.swift; path = project_01UITests.swift; sourceTree = "<group>"; };
		2151A3022889B0F000E26E1F /* project_01UITestsLaunchTests.swift */ = {isa = PBXFileReference; lastKnownFileType = sourcecode.swift; path = project_01UITestsLaunchTests.swift; sourceTree = "<group>"; };
		2151A30F2889D09C00E26E1F /* cadu.jpeg */ = {isa = PBXFileReference; lastKnownFileType = image.jpeg; path = cadu.jpeg; sourceTree = "<group>"; };
/* End PBXFileReference section */

/* Begin PBXFrameworksBuildPhase section */
		2151A2D92889B0ED00E26E1F /* Frameworks */ = {
			isa = PBXFrameworksBuildPhase;
			buildActionMask = 2147483647;
			files = (
			);
			runOnlyForDeploymentPostprocessing = 0;
		};
		2151A2EF2889B0F000E26E1F /* Frameworks */ = {
			isa = PBXFrameworksBuildPhase;
			buildActionMask = 2147483647;
			files = (
			);
			runOnlyForDeploymentPostprocessing = 0;
		};
		2151A2F92889B0F000E26E1F /* Frameworks */ = {
			isa = PBXFrameworksBuildPhase;
			buildActionMask = 2147483647;
			files = (
			);
			runOnlyForDeploymentPostprocessing = 0;
		};
/* End PBXFrameworksBuildPhase section */

/* Begin PBXGroup section */
		2151A2D32889B0ED00E26E1F = {
			isa = PBXGroup;
			children = (
				2151A2DE2889B0ED00E26E1F /* project-01 */,
				2151A2F52889B0F000E26E1F /* project-01Tests */,
				2151A2FF2889B0F000E26E1F /* project-01UITests */,
				2151A2DD2889B0ED00E26E1F /* Products */,
			);
			sourceTree = "<group>";
		};
		2151A2DD2889B0ED00E26E1F /* Products */ = {
			isa = PBXGroup;
			children = (
				2151A2DC2889B0ED00E26E1F /* project-01.app */,
				2151A2F22889B0F000E26E1F /* project-01Tests.xctest */,
				2151A2FC2889B0F000E26E1F /* project-01UITests.xctest */,
			);
			name = Products;
			sourceTree = "<group>";
		};
		2151A2DE2889B0ED00E26E1F /* project-01 */ = {
			isa = PBXGroup;
			children = (
				2151A30F2889D09C00E26E1F /* cadu.jpeg */,
				2151A2DF2889B0ED00E26E1F /* AppDelegate.swift */,
				2151A2E12889B0ED00E26E1F /* SceneDelegate.swift */,
				2151A2E32889B0ED00E26E1F /* ViewController.swift */,
				2151A2E52889B0ED00E26E1F /* Main.storyboard */,
				2151A2E82889B0F000E26E1F /* Assets.xcassets */,
				2151A2EA2889B0F000E26E1F /* LaunchScreen.storyboard */,
				2151A2ED2889B0F000E26E1F /* Info.plist */,
			);
			path = "project-01";
			sourceTree = "<group>";
		};
		2151A2F52889B0F000E26E1F /* project-01Tests */ = {
			isa = PBXGroup;
			children = (
				2151A2F62889B0F000E26E1F /* project_01Tests.swift */,
			);
			path = "project-01Tests";
			sourceTree = "<group>";
		};
		2151A2FF2889B0F000E26E1F /* project-01UITests */ = {
			isa = PBXGroup;
			children = (
				2151A3002889B0F000E26E1F /* project_01UITests.swift */,
				2151A3022889B0F000E26E1F /* project_01UITestsLaunchTests.swift */,
			);
			path = "project-01UITests";
			sourceTree = "<group>";
		};
/* End PBXGroup section */

/* Begin PBXNativeTarget section */
		2151A2DB2889B0ED00E26E1F /* project-01 */ = {
			isa = PBXNativeTarget;
			buildConfigurationList = 2151A3062889B0F000E26E1F /* Build configuration list for PBXNativeTarget "project-01" */;
			buildPhases = (
				2151A2D82889B0ED00E26E1F /* Sources */,
				2151A2D92889B0ED00E26E1F /* Frameworks */,
				2151A2DA2889B0ED00E26E1F /* Resources */,
			);
			buildRules = (
			);
			dependencies = (
			);
			name = "project-01";
			productName = "project-01";
			productReference = 2151A2DC2889B0ED00E26E1F /* project-01.app */;
			productType = "com.apple.product-type.application";
		};
		2151A2F12889B0F000E26E1F /* project-01Tests */ = {
			isa = PBXNativeTarget;
			buildConfigurationList = 2151A3092889B0F000E26E1F /* Build configuration list for PBXNativeTarget "project-01Tests" */;
			buildPhases = (
				2151A2EE2889B0F000E26E1F /* Sources */,
				2151A2EF2889B0F000E26E1F /* Frameworks */,
				2151A2F02889B0F000E26E1F /* Resources */,
			);
			buildRules = (
			);
			dependencies = (
				2151A2F42889B0F000E26E1F /* PBXTargetDependency */,
			);
			name = "project-01Tests";
			productName = "project-01Tests";
			productReference = 2151A2F22889B0F000E26E1F /* project-01Tests.xctest */;
			productType = "com.apple.product-type.bundle.unit-test";
		};
		2151A2FB2889B0F000E26E1F /* project-01UITests */ = {
			isa = PBXNativeTarget;
			buildConfigurationList = 2151A30C2889B0F000E26E1F /* Build configuration list for PBXNativeTarget "project-01UITests" */;
			buildPhases = (
				2151A2F82889B0F000E26E1F /* Sources */,
				2151A2F92889B0F000E26E1F /* Frameworks */,
				2151A2FA2889B0F000E26E1F /* Resources */,
			);
			buildRules = (
			);
			dependencies = (
				2151A2FE2889B0F000E26E1F /* PBXTargetDependency */,
			);
			name = "project-01UITests";
			productName = "project-01UITests";
			productReference = 2151A2FC2889B0F000E26E1F /* project-01UITests.xctest */;
			productType = "com.apple.product-type.bundle.ui-testing";
		};
/* End PBXNativeTarget section */

/* Begin PBXProject section */
		2151A2D42889B0ED00E26E1F /* Project object */ = {
			isa = PBXProject;
			attributes = {
				BuildIndependentTargetsInParallel = 1;
				LastSwiftUpdateCheck = 1340;
				LastUpgradeCheck = 1340;
				TargetAttributes = {
					2151A2DB2889B0ED00E26E1F = {
						CreatedOnToolsVersion = 13.4.1;
					};
					2151A2F12889B0F000E26E1F = {
						CreatedOnToolsVersion = 13.4.1;
						TestTargetID = 2151A2DB2889B0ED00E26E1F;
					};
					2151A2FB2889B0F000E26E1F = {
						CreatedOnToolsVersion = 13.4.1;
						TestTargetID = 2151A2DB2889B0ED00E26E1F;
					};
				};
			};
			buildConfigurationList = 2151A2D72889B0ED00E26E1F /* Build configuration list for PBXProject "project-01" */;
			compatibilityVersion = "Xcode 13.0";
			developmentRegion = en;
			hasScannedForEncodings = 0;
			knownRegions = (
				en,
				Base,
			);
			mainGroup = 2151A2D32889B0ED00E26E1F;
			productRefGroup = 2151A2DD2889B0ED00E26E1F /* Products */;
			projectDirPath = "";
			projectRoot = "";
			targets = (
				2151A2DB2889B0ED00E26E1F /* project-01 */,
				2151A2F12889B0F000E26E1F /* project-01Tests */,
				2151A2FB2889B0F000E26E1F /* project-01UITests */,
			);
		};
/* End PBXProject section */

/* Begin PBXResourcesBuildPhase section */
		2151A2DA2889B0ED00E26E1F /* Resources */ = {
			isa = PBXResourcesBuildPhase;
			buildActionMask = 2147483647;
			files = (
				2151A2EC2889B0F000E26E1F /* LaunchScreen.storyboard in Resources */,
				2151A2E92889B0F000E26E1F /* Assets.xcassets in Resources */,
				2151A3102889D09C00E26E1F /* cadu.jpeg in Resources */,
				2151A2E72889B0ED00E26E1F /* Main.storyboard in Resources */,
			);
			runOnlyForDeploymentPostprocessing = 0;
		};
		2151A2F02889B0F000E26E1F /* Resources */ = {
			isa = PBXResourcesBuildPhase;
			buildActionMask = 2147483647;
			files = (
			);
			runOnlyForDeploymentPostprocessing = 0;
		};
		2151A2FA2889B0F000E26E1F /* Resources */ = {
			isa = PBXResourcesBuildPhase;
			buildActionMask = 2147483647;
			files = (
			);
			runOnlyForDeploymentPostprocessing = 0;
		};
/* End PBXResourcesBuildPhase section */

/* Begin PBXSourcesBuildPhase section */
		2151A2D82889B0ED00E26E1F /* Sources */ = {
			isa = PBXSourcesBuildPhase;
			buildActionMask = 2147483647;
			files = (
				2151A2E42889B0ED00E26E1F /* ViewController.swift in Sources */,
				2151A2E02889B0ED00E26E1F /* AppDelegate.swift in Sources */,
				2151A2E22889B0ED00E26E1F /* SceneDelegate.swift in Sources */,
			);
			runOnlyForDeploymentPostprocessing = 0;
		};
		2151A2EE2889B0F000E26E1F /* Sources */ = {
			isa = PBXSourcesBuildPhase;
			buildActionMask = 2147483647;
			files = (
				2151A2F72889B0F000E26E1F /* project_01Tests.swift in Sources */,
			);
			runOnlyForDeploymentPostprocessing = 0;
		};
		2151A2F82889B0F000E26E1F /* Sources */ = {
			isa = PBXSourcesBuildPhase;
			buildActionMask = 2147483647;
			files = (
				2151A3012889B0F000E26E1F /* project_01UITests.swift in Sources */,
				2151A3032889B0F000E26E1F /* project_01UITestsLaunchTests.swift in Sources */,
			);
			runOnlyForDeploymentPostprocessing = 0;
		};
/* End PBXSourcesBuildPhase section */

/* Begin PBXTargetDependency section */
		2151A2F42889B0F000E26E1F /* PBXTargetDependency */ = {
			isa = PBXTargetDependency;
			target = 2151A2DB2889B0ED00E26E1F /* project-01 */;
			targetProxy = 2151A2F32889B0F000E26E1F /* PBXContainerItemProxy */;
		};
		2151A2FE2889B0F000E26E1F /* PBXTargetDependency */ = {
			isa = PBXTargetDependency;
			target = 2151A2DB2889B0ED00E26E1F /* project-01 */;
			targetProxy = 2151A2FD2889B0F000E26E1F /* PBXContainerItemProxy */;
		};
/* End PBXTargetDependency section */

/* Begin PBXVariantGroup section */
		2151A2E52889B0ED00E26E1F /* Main.storyboard */ = {
			isa = PBXVariantGroup;
			children = (
				2151A2E62889B0ED00E26E1F /* Base */,
			);
			name = Main.storyboard;
			sourceTree = "<group>";
		};
		2151A2EA2889B0F000E26E1F /* LaunchScreen.storyboard */ = {
			isa = PBXVariantGroup;
			children = (
				2151A2EB2889B0F000E26E1F /* Base */,
			);
			name = LaunchScreen.storyboard;
			sourceTree = "<group>";
		};
/* End PBXVariantGroup section */

/* Begin XCBuildConfiguration section */
		2151A3042889B0F000E26E1F /* Debug */ = {
			isa = XCBuildConfiguration;
			buildSettings = {
				ALWAYS_SEARCH_USER_PATHS = NO;
				CLANG_ANALYZER_NONNULL = YES;
				CLANG_ANALYZER_NUMBER_OBJECT_CONVERSION = YES_AGGRESSIVE;
				CLANG_CXX_LANGUAGE_STANDARD = "gnu++17";
				CLANG_ENABLE_MODULES = YES;
				CLANG_ENABLE_OBJC_ARC = YES;
				CLANG_ENABLE_OBJC_WEAK = YES;
				CLANG_WARN_BLOCK_CAPTURE_AUTORELEASING = YES;
				CLANG_WARN_BOOL_CONVERSION = YES;
				CLANG_WARN_COMMA = YES;
				CLANG_WARN_CONSTANT_CONVERSION = YES;
				CLANG_WARN_DEPRECATED_OBJC_IMPLEMENTATIONS = YES;
				CLANG_WARN_DIRECT_OBJC_ISA_USAGE = YES_ERROR;
				CLANG_WARN_DOCUMENTATION_COMMENTS = YES;
				CLANG_WARN_EMPTY_BODY = YES;
				CLANG_WARN_ENUM_CONVERSION = YES;
				CLANG_WARN_INFINITE_RECURSION = YES;
				CLANG_WARN_INT_CONVERSION = YES;
				CLANG_WARN_NON_LITERAL_NULL_CONVERSION = YES;
				CLANG_WARN_OBJC_IMPLICIT_RETAIN_SELF = YES;
				CLANG_WARN_OBJC_LITERAL_CONVERSION = YES;
				CLANG_WARN_OBJC_ROOT_CLASS = YES_ERROR;
				CLANG_WARN_QUOTED_INCLUDE_IN_FRAMEWORK_HEADER = YES;
				CLANG_WARN_RANGE_LOOP_ANALYSIS = YES;
				CLANG_WARN_STRICT_PROTOTYPES = YES;
				CLANG_WARN_SUSPICIOUS_MOVE = YES;
				CLANG_WARN_UNGUARDED_AVAILABILITY = YES_AGGRESSIVE;
				CLANG_WARN_UNREACHABLE_CODE = YES;
				CLANG_WARN__DUPLICATE_METHOD_MATCH = YES;
				COPY_PHASE_STRIP = NO;
				DEBUG_INFORMATION_FORMAT = dwarf;
				ENABLE_STRICT_OBJC_MSGSEND = YES;
				ENABLE_TESTABILITY = YES;
				GCC_C_LANGUAGE_STANDARD = gnu11;
				GCC_DYNAMIC_NO_PIC = NO;
				GCC_NO_COMMON_BLOCKS = YES;
				GCC_OPTIMIZATION_LEVEL = 0;
				GCC_PREPROCESSOR_DEFINITIONS = (
					"DEBUG=1",
					"$(inherited)",
				);
				GCC_WARN_64_TO_32_BIT_CONVERSION = YES;
				GCC_WARN_ABOUT_RETURN_TYPE = YES_ERROR;
				GCC_WARN_UNDECLARED_SELECTOR = YES;
				GCC_WARN_UNINITIALIZED_AUTOS = YES_AGGRESSIVE;
				GCC_WARN_UNUSED_FUNCTION = YES;
				GCC_WARN_UNUSED_VARIABLE = YES;
				IPHONEOS_DEPLOYMENT_TARGET = 15.5;
				MTL_ENABLE_DEBUG_INFO = INCLUDE_SOURCE;
				MTL_FAST_MATH = YES;
				ONLY_ACTIVE_ARCH = YES;
				SDKROOT = iphoneos;
				SWIFT_ACTIVE_COMPILATION_CONDITIONS = DEBUG;
				SWIFT_OPTIMIZATION_LEVEL = "-Onone";
			};
			name = Debug;
		};
		2151A3052889B0F000E26E1F /* Release */ = {
			isa = XCBuildConfiguration;
			buildSettings = {
				ALWAYS_SEARCH_USER_PATHS = NO;
				CLANG_ANALYZER_NONNULL = YES;
				CLANG_ANALYZER_NUMBER_OBJECT_CONVERSION = YES_AGGRESSIVE;
				CLANG_CXX_LANGUAGE_STANDARD = "gnu++17";
				CLANG_ENABLE_MODULES = YES;
				CLANG_ENABLE_OBJC_ARC = YES;
				CLANG_ENABLE_OBJC_WEAK = YES;
				CLANG_WARN_BLOCK_CAPTURE_AUTORELEASING = YES;
				CLANG_WARN_BOOL_CONVERSION = YES;
				CLANG_WARN_COMMA = YES;
				CLANG_WARN_CONSTANT_CONVERSION = YES;
				CLANG_WARN_DEPRECATED_OBJC_IMPLEMENTATIONS = YES;
				CLANG_WARN_DIRECT_OBJC_ISA_USAGE = YES_ERROR;
				CLANG_WARN_DOCUMENTATION_COMMENTS = YES;
				CLANG_WARN_EMPTY_BODY = YES;
				CLANG_WARN_ENUM_CONVERSION = YES;
				CLANG_WARN_INFINITE_RECURSION = YES;
				CLANG_WARN_INT_CONVERSION = YES;
				CLANG_WARN_NON_LITERAL_NULL_CONVERSION = YES;
				CLANG_WARN_OBJC_IMPLICIT_RETAIN_SELF = YES;
				CLANG_WARN_OBJC_LITERAL_CONVERSION = YES;
				CLANG_WARN_OBJC_ROOT_CLASS = YES_ERROR;
				CLANG_WARN_QUOTED_INCLUDE_IN_FRAMEWORK_HEADER = YES;
				CLANG_WARN_RANGE_LOOP_ANALYSIS = YES;
				CLANG_WARN_STRICT_PROTOTYPES = YES;
				CLANG_WARN_SUSPICIOUS_MOVE = YES;
				CLANG_WARN_UNGUARDED_AVAILABILITY = YES_AGGRESSIVE;
				CLANG_WARN_UNREACHABLE_CODE = YES;
				CLANG_WARN__DUPLICATE_METHOD_MATCH = YES;
				COPY_PHASE_STRIP = NO;
				DEBUG_INFORMATION_FORMAT = "dwarf-with-dsym";
				ENABLE_NS_ASSERTIONS = NO;
				ENABLE_STRICT_OBJC_MSGSEND = YES;
				GCC_C_LANGUAGE_STANDARD = gnu11;
				GCC_NO_COMMON_BLOCKS = YES;
				GCC_WARN_64_TO_32_BIT_CONVERSION = YES;
				GCC_WARN_ABOUT_RETURN_TYPE = YES_ERROR;
				GCC_WARN_UNDECLARED_SELECTOR = YES;
				GCC_WARN_UNINITIALIZED_AUTOS = YES_AGGRESSIVE;
				GCC_WARN_UNUSED_FUNCTION = YES;
				GCC_WARN_UNUSED_VARIABLE = YES;
				IPHONEOS_DEPLOYMENT_TARGET = 15.5;
				MTL_ENABLE_DEBUG_INFO = NO;
				MTL_FAST_MATH = YES;
				SDKROOT = iphoneos;
				SWIFT_COMPILATION_MODE = wholemodule;
				SWIFT_OPTIMIZATION_LEVEL = "-O";
				VALIDATE_PRODUCT = YES;
			};
			name = Release;
		};
		2151A3072889B0F000E26E1F /* Debug */ = {
			isa = XCBuildConfiguration;
			buildSettings = {
				ASSETCATALOG_COMPILER_APPICON_NAME = AppIcon;
				ASSETCATALOG_COMPILER_GLOBAL_ACCENT_COLOR_NAME = AccentColor;
				CODE_SIGN_STYLE = Automatic;
				CURRENT_PROJECT_VERSION = 1;
				DEVELOPMENT_TEAM = WSZ4B83TUM;
				GENERATE_INFOPLIST_FILE = YES;
				INFOPLIST_FILE = "project-01/Info.plist";
				INFOPLIST_KEY_UIApplicationSupportsIndirectInputEvents = YES;
				INFOPLIST_KEY_UILaunchStoryboardName = LaunchScreen;
				INFOPLIST_KEY_UIMainStoryboardFile = Main;
				INFOPLIST_KEY_UISupportedInterfaceOrientations_iPad = "UIInterfaceOrientationPortrait UIInterfaceOrientationPortraitUpsideDown UIInterfaceOrientationLandscapeLeft UIInterfaceOrientationLandscapeRight";
				INFOPLIST_KEY_UISupportedInterfaceOrientations_iPhone = "UIInterfaceOrientationPortrait UIInterfaceOrientationLandscapeLeft UIInterfaceOrientationLandscapeRight";
				LD_RUNPATH_SEARCH_PATHS = (
					"$(inherited)",
					"@executable_path/Frameworks",
				);
				MARKETING_VERSION = 1.0;
				PRODUCT_BUNDLE_IDENTIFIER = "carlosphbahia.project-01";
				PRODUCT_NAME = "$(TARGET_NAME)";
				SWIFT_EMIT_LOC_STRINGS = YES;
				SWIFT_VERSION = 5.0;
				TARGETED_DEVICE_FAMILY = "1,2";
			};
			name = Debug;
		};
		2151A3082889B0F000E26E1F /* Release */ = {
			isa = XCBuildConfiguration;
			buildSettings = {
				ASSETCATALOG_COMPILER_APPICON_NAME = AppIcon;
				ASSETCATALOG_COMPILER_GLOBAL_ACCENT_COLOR_NAME = AccentColor;
				CODE_SIGN_STYLE = Automatic;
				CURRENT_PROJECT_VERSION = 1;
				DEVELOPMENT_TEAM = WSZ4B83TUM;
				GENERATE_INFOPLIST_FILE = YES;
				INFOPLIST_FILE = "project-01/Info.plist";
				INFOPLIST_KEY_UIApplicationSupportsIndirectInputEvents = YES;
				INFOPLIST_KEY_UILaunchStoryboardName = LaunchScreen;
				INFOPLIST_KEY_UIMainStoryboardFile = Main;
				INFOPLIST_KEY_UISupportedInterfaceOrientations_iPad = "UIInterfaceOrientationPortrait UIInterfaceOrientationPortraitUpsideDown UIInterfaceOrientationLandscapeLeft UIInterfaceOrientationLandscapeRight";
				INFOPLIST_KEY_UISupportedInterfaceOrientations_iPhone = "UIInterfaceOrientationPortrait UIInterfaceOrientationLandscapeLeft UIInterfaceOrientationLandscapeRight";
				LD_RUNPATH_SEARCH_PATHS = (
					"$(inherited)",
					"@executable_path/Frameworks",
				);
				MARKETING_VERSION = 1.0;
				PRODUCT_BUNDLE_IDENTIFIER = "carlosphbahia.project-01";
				PRODUCT_NAME = "$(TARGET_NAME)";
				SWIFT_EMIT_LOC_STRINGS = YES;
				SWIFT_VERSION = 5.0;
				TARGETED_DEVICE_FAMILY = "1,2";
			};
			name = Release;
		};
		2151A30A2889B0F000E26E1F /* Debug */ = {
			isa = XCBuildConfiguration;
			buildSettings = {
				ALWAYS_EMBED_SWIFT_STANDARD_LIBRARIES = YES;
				BUNDLE_LOADER = "$(TEST_HOST)";
				CODE_SIGN_STYLE = Automatic;
				CURRENT_PROJECT_VERSION = 1;
				DEVELOPMENT_TEAM = WSZ4B83TUM;
				GENERATE_INFOPLIST_FILE = YES;
				IPHONEOS_DEPLOYMENT_TARGET = 15.5;
				MARKETING_VERSION = 1.0;
				PRODUCT_BUNDLE_IDENTIFIER = "carlosphbahia.project-01Tests";
				PRODUCT_NAME = "$(TARGET_NAME)";
				SWIFT_EMIT_LOC_STRINGS = NO;
				SWIFT_VERSION = 5.0;
				TARGETED_DEVICE_FAMILY = "1,2";
				TEST_HOST = "$(BUILT_PRODUCTS_DIR)/project-01.app/project-01";
			};
			name = Debug;
		};
		2151A30B2889B0F000E26E1F /* Release */ = {
			isa = XCBuildConfiguration;
			buildSettings = {
				ALWAYS_EMBED_SWIFT_STANDARD_LIBRARIES = YES;
				BUNDLE_LOADER = "$(TEST_HOST)";
				CODE_SIGN_STYLE = Automatic;
				CURRENT_PROJECT_VERSION = 1;
				DEVELOPMENT_TEAM = WSZ4B83TUM;
				GENERATE_INFOPLIST_FILE = YES;
				IPHONEOS_DEPLOYMENT_TARGET = 15.5;
				MARKETING_VERSION = 1.0;
				PRODUCT_BUNDLE_IDENTIFIER = "carlosphbahia.project-01Tests";
				PRODUCT_NAME = "$(TARGET_NAME)";
				SWIFT_EMIT_LOC_STRINGS = NO;
				SWIFT_VERSION = 5.0;
				TARGETED_DEVICE_FAMILY = "1,2";
				TEST_HOST = "$(BUILT_PRODUCTS_DIR)/project-01.app/project-01";
			};
			name = Release;
		};
		2151A30D2889B0F000E26E1F /* Debug */ = {
			isa = XCBuildConfiguration;
			buildSettings = {
				ALWAYS_EMBED_SWIFT_STANDARD_LIBRARIES = YES;
				CODE_SIGN_STYLE = Automatic;
				CURRENT_PROJECT_VERSION = 1;
				DEVELOPMENT_TEAM = WSZ4B83TUM;
				GENERATE_INFOPLIST_FILE = YES;
				MARKETING_VERSION = 1.0;
				PRODUCT_BUNDLE_IDENTIFIER = "carlosphbahia.project-01UITests";
				PRODUCT_NAME = "$(TARGET_NAME)";
				SWIFT_EMIT_LOC_STRINGS = NO;
				SWIFT_VERSION = 5.0;
				TARGETED_DEVICE_FAMILY = "1,2";
				TEST_TARGET_NAME = "project-01";
			};
			name = Debug;
		};
		2151A30E2889B0F000E26E1F /* Release */ = {
			isa = XCBuildConfiguration;
			buildSettings = {
				ALWAYS_EMBED_SWIFT_STANDARD_LIBRARIES = YES;
				CODE_SIGN_STYLE = Automatic;
				CURRENT_PROJECT_VERSION = 1;
				DEVELOPMENT_TEAM = WSZ4B83TUM;
				GENERATE_INFOPLIST_FILE = YES;
				MARKETING_VERSION = 1.0;
				PRODUCT_BUNDLE_IDENTIFIER = "carlosphbahia.project-01UITests";
				PRODUCT_NAME = "$(TARGET_NAME)";
				SWIFT_EMIT_LOC_STRINGS = NO;
				SWIFT_VERSION = 5.0;
				TARGETED_DEVICE_FAMILY = "1,2";
				TEST_TARGET_NAME = "project-01";
			};
			name = Release;
		};
/* End XCBuildConfiguration section */

/* Begin XCConfigurationList section */
		2151A2D72889B0ED00E26E1F /* Build configuration list for PBXProject "project-01" */ = {
			isa = XCConfigurationList;
			buildConfigurations = (
				2151A3042889B0F000E26E1F /* Debug */,
				2151A3052889B0F000E26E1F /* Release */,
			);
			defaultConfigurationIsVisible = 0;
			defaultConfigurationName = Release;
		};
		2151A3062889B0F000E26E1F /* Build configuration list for PBXNativeTarget "project-01" */ = {
			isa = XCConfigurationList;
			buildConfigurations = (
				2151A3072889B0F000E26E1F /* Debug */,
				2151A3082889B0F000E26E1F /* Release */,
			);
			defaultConfigurationIsVisible = 0;
			defaultConfigurationName = Release;
		};
		2151A3092889B0F000E26E1F /* Build configuration list for PBXNativeTarget "project-01Tests" */ = {
			isa = XCConfigurationList;
			buildConfigurations = (
				2151A30A2889B0F000E26E1F /* Debug */,
				2151A30B2889B0F000E26E1F /* Release */,
			);
			defaultConfigurationIsVisible = 0;
			defaultConfigurationName = Release;
		};
		2151A30C2889B0F000E26E1F /* Build configuration list for PBXNativeTarget "project-01UITests" */ = {
			isa = XCConfigurationList;
			buildConfigurations = (
				2151A30D2889B0F000E26E1F /* Debug */,
				2151A30E2889B0F000E26E1F /* Release */,
			);
			defaultConfigurationIsVisible = 0;
			defaultConfigurationName = Release;
		};
/* End XCConfigurationList section */
	};
	rootObject = 2151A2D42889B0ED00E26E1F /* Project object */;
}
